github.com/tenntenn/greeting v1.0.0 h1:qiPrfPnqnfuzVqN3u1fnQdjh5YDQaN2YYB4mij22WF4=
github.com/tenntenn/greeting v1.0.0/go.mod h1:E3Ht/04nVnsgPJqBdZYg2BmvqQJmRPxhIv6qX4RyE9Y=
github.com/tenntenn/greeting/v2 v2.2.1 h1:+l3aW68wScB0JhUU169indLZzj1RUz297Ig/f0exAqE=
github.com/tenntenn/greeting/v2 v2.2.1/go.mod h1:EkHY3zj6AR1MtKVmdhvooxb+zIUEihioi7gG93rsX5I=
